
Microsoft Visual Studio Solution File, Format Version 12.00
# Visual Studio Version 17
VisualStudioVersion = 17.2.32602.215
MinimumVisualStudioVersion = 10.0.40219.1
Project("{FAE04EC0-301F-11D3-BF4B-00C04F79EFBC}") = "MyGenericStack", "MyGenericStack.csproj", "{1F58FDBF-5C56-43B0-AD29-2F59819BFF4F}"
EndProject
Global
	GlobalSection(SolutionConfigurationPlatforms) = preSolution
		Debug|Any CPU = Debug|Any CPU
		Release|Any CPU = Release|Any CPU
	EndGlobalSection
	GlobalSection(ProjectConfigurationPlatforms) = postSolution
		{1F58FDBF-5C56-43B0-AD29-2F59819BFF4F}.Debug|Any CPU.ActiveCfg = Debug|Any CPU
		{1F58FDBF-5C56-43B0-AD29-2F59819BFF4F}.Debug|Any CPU.Build.0 = Debug|Any CPU
		{1F58FDBF-5C56-43B0-AD29-2F59819BFF4F}.Release|Any CPU.ActiveCfg = Release|Any CPU
		{1F58FDBF-5C56-43B0-AD29-2F59819BFF4F}.Release|Any CPU.Build.0 = Release|Any CPU
	EndGlobalSection
	GlobalSection(SolutionProperties) = preSolution
		HideSolutionNode = FALSE
	EndGlobalSection
	GlobalSection(ExtensibilityGlobals) = postSolution
		SolutionGuid = {514CFF40-8154-4E07-9044-13965311E422}
	EndGlobalSection
EndGlobal
