
Microsoft Visual Studio Solution File, Format Version 12.00
# Visual Studio Version 17
VisualStudioVersion = 17.5.33414.496
MinimumVisualStudioVersion = 10.0.40219.1
Project("{FAE04EC0-301F-11D3-BF4B-00C04F79EFBC}") = "P01.RowInPascalsTriangle", "P01.RowInPascalsTriangle\P01.RowInPascalsTriangle.csproj", "{DEFB2418-81CF-4582-9057-458B9BF5C740}"
EndProject
Project("{FAE04EC0-301F-11D3-BF4B-00C04F79EFBC}") = "P03.LongestValidParentheses", "P03.LongestValidParentheses\P03.LongestValidParentheses.csproj", "{397E110D-D321-42BB-B17D-06B947C6CA3B}"
EndProject
Project("{FAE04EC0-301F-11D3-BF4B-00C04F79EFBC}") = "P05.BiggestFormedNumber", "P05.BiggestFormedNumber\P05.BiggestFormedNumber.csproj", "{B5D109AF-2FFE-4334-83DE-2BA7A31F7847}"
EndProject
Project("{FAE04EC0-301F-11D3-BF4B-00C04F79EFBC}") = "P06.Pancakes", "P06.Pancakes\P06.Pancakes.csproj", "{A5092E33-AE3E-4F61-9D45-3B823C02F765}"
EndProject
Project("{FAE04EC0-301F-11D3-BF4B-00C04F79EFBC}") = "P04.RotateMatrix", "P04.RotateMatrix\P04.RotateMatrix.csproj", "{C8005166-5836-4012-8104-8B8CD7C9061B}"
EndProject
Global
	GlobalSection(SolutionConfigurationPlatforms) = preSolution
		Debug|Any CPU = Debug|Any CPU
		Release|Any CPU = Release|Any CPU
	EndGlobalSection
	GlobalSection(ProjectConfigurationPlatforms) = postSolution
		{DEFB2418-81CF-4582-9057-458B9BF5C740}.Debug|Any CPU.ActiveCfg = Debug|Any CPU
		{DEFB2418-81CF-4582-9057-458B9BF5C740}.Debug|Any CPU.Build.0 = Debug|Any CPU
		{DEFB2418-81CF-4582-9057-458B9BF5C740}.Release|Any CPU.ActiveCfg = Release|Any CPU
		{DEFB2418-81CF-4582-9057-458B9BF5C740}.Release|Any CPU.Build.0 = Release|Any CPU
		{397E110D-D321-42BB-B17D-06B947C6CA3B}.Debug|Any CPU.ActiveCfg = Debug|Any CPU
		{397E110D-D321-42BB-B17D-06B947C6CA3B}.Debug|Any CPU.Build.0 = Debug|Any CPU
		{397E110D-D321-42BB-B17D-06B947C6CA3B}.Release|Any CPU.ActiveCfg = Release|Any CPU
		{397E110D-D321-42BB-B17D-06B947C6CA3B}.Release|Any CPU.Build.0 = Release|Any CPU
		{B5D109AF-2FFE-4334-83DE-2BA7A31F7847}.Debug|Any CPU.ActiveCfg = Debug|Any CPU
		{B5D109AF-2FFE-4334-83DE-2BA7A31F7847}.Debug|Any CPU.Build.0 = Debug|Any CPU
		{B5D109AF-2FFE-4334-83DE-2BA7A31F7847}.Release|Any CPU.ActiveCfg = Release|Any CPU
		{B5D109AF-2FFE-4334-83DE-2BA7A31F7847}.Release|Any CPU.Build.0 = Release|Any CPU
		{A5092E33-AE3E-4F61-9D45-3B823C02F765}.Debug|Any CPU.ActiveCfg = Debug|Any CPU
		{A5092E33-AE3E-4F61-9D45-3B823C02F765}.Debug|Any CPU.Build.0 = Debug|Any CPU
		{A5092E33-AE3E-4F61-9D45-3B823C02F765}.Release|Any CPU.ActiveCfg = Release|Any CPU
		{A5092E33-AE3E-4F61-9D45-3B823C02F765}.Release|Any CPU.Build.0 = Release|Any CPU
		{C8005166-5836-4012-8104-8B8CD7C9061B}.Debug|Any CPU.ActiveCfg = Debug|Any CPU
		{C8005166-5836-4012-8104-8B8CD7C9061B}.Debug|Any CPU.Build.0 = Debug|Any CPU
		{C8005166-5836-4012-8104-8B8CD7C9061B}.Release|Any CPU.ActiveCfg = Release|Any CPU
		{C8005166-5836-4012-8104-8B8CD7C9061B}.Release|Any CPU.Build.0 = Release|Any CPU
	EndGlobalSection
	GlobalSection(SolutionProperties) = preSolution
		HideSolutionNode = FALSE
	EndGlobalSection
	GlobalSection(ExtensibilityGlobals) = postSolution
		SolutionGuid = {6CBC5C50-4E36-4767-A017-CA8D4ABA1DA9}
	EndGlobalSection
EndGlobal
