
Microsoft Visual Studio Solution File, Format Version 12.00
# Visual Studio Version 17
VisualStudioVersion = 17.7.34202.233
MinimumVisualStudioVersion = 10.0.40219.1
Project("{9A19103F-16F7-4668-BE54-9A1E7A4F7556}") = "ConsoleApp", "ConsoleApp\ConsoleApp.csproj", "{E447736C-199C-46F3-BD8B-BD8F4E498540}"
EndProject
Project("{FAE04EC0-301F-11D3-BF4B-00C04F79EFBC}") = "Data", "Data\Data.csproj", "{D828634D-C6D6-47E3-90E9-551350697CFD}"
EndProject
Project("{FAE04EC0-301F-11D3-BF4B-00C04F79EFBC}") = "Data.Models", "Data.Models\Data.Models.csproj", "{DD4910A6-420B-4933-BAA1-82C490B00634}"
EndProject
Global
	GlobalSection(SolutionConfigurationPlatforms) = preSolution
		Debug|Any CPU = Debug|Any CPU
		Release|Any CPU = Release|Any CPU
	EndGlobalSection
	GlobalSection(ProjectConfigurationPlatforms) = postSolution
		{E447736C-199C-46F3-BD8B-BD8F4E498540}.Debug|Any CPU.ActiveCfg = Debug|Any CPU
		{E447736C-199C-46F3-BD8B-BD8F4E498540}.Debug|Any CPU.Build.0 = Debug|Any CPU
		{E447736C-199C-46F3-BD8B-BD8F4E498540}.Release|Any CPU.ActiveCfg = Release|Any CPU
		{E447736C-199C-46F3-BD8B-BD8F4E498540}.Release|Any CPU.Build.0 = Release|Any CPU
		{D828634D-C6D6-47E3-90E9-551350697CFD}.Debug|Any CPU.ActiveCfg = Debug|Any CPU
		{D828634D-C6D6-47E3-90E9-551350697CFD}.Debug|Any CPU.Build.0 = Debug|Any CPU
		{D828634D-C6D6-47E3-90E9-551350697CFD}.Release|Any CPU.ActiveCfg = Release|Any CPU
		{D828634D-C6D6-47E3-90E9-551350697CFD}.Release|Any CPU.Build.0 = Release|Any CPU
		{DD4910A6-420B-4933-BAA1-82C490B00634}.Debug|Any CPU.ActiveCfg = Debug|Any CPU
		{DD4910A6-420B-4933-BAA1-82C490B00634}.Debug|Any CPU.Build.0 = Debug|Any CPU
		{DD4910A6-420B-4933-BAA1-82C490B00634}.Release|Any CPU.ActiveCfg = Release|Any CPU
		{DD4910A6-420B-4933-BAA1-82C490B00634}.Release|Any CPU.Build.0 = Release|Any CPU
	EndGlobalSection
	GlobalSection(SolutionProperties) = preSolution
		HideSolutionNode = FALSE
	EndGlobalSection
	GlobalSection(ExtensibilityGlobals) = postSolution
		SolutionGuid = {1B722713-83C0-4403-AE8E-81891F3BA7AF}
	EndGlobalSection
EndGlobal
